// !$*UTF8*$!
{
	archiveVersion = 1;
	classes = {
	};
	objectVersion = 46;
	objects = {

/* Begin PBXBuildFile section */
		29AAD6FC3BD434403FD769A4 /* Pods_____.framework in Frameworks */ = {isa = PBXBuildFile; fileRef = 119527516A4900777DB1D7F2 /* Pods_____.framework */; };
		8304BB3E1E067D8400F46D98 /* CFAccount.swift in Sources */ = {isa = PBXBuildFile; fileRef = 8304BB3D1E067D8400F46D98 /* CFAccount.swift */; };
		8317B0BD1E059DF8007F0138 /* CFCommon.swift in Sources */ = {isa = PBXBuildFile; fileRef = 8317B0BC1E059DF8007F0138 /* CFCommon.swift */; };
		8317B0C01E05A003007F0138 /* CFOAuthViewController.swift in Sources */ = {isa = PBXBuildFile; fileRef = 8317B0BF1E05A003007F0138 /* CFOAuthViewController.swift */; };
		8322C38C1DF40CD4006C7EB7 /* CFVisitorView.swift in Sources */ = {isa = PBXBuildFile; fileRef = 8322C38B1DF40CD4006C7EB7 /* CFVisitorView.swift */; };
		8322C38E1DF414D7006C7EB7 /* UILabel-Addition.swift in Sources */ = {isa = PBXBuildFile; fileRef = 8322C38D1DF414D7006C7EB7 /* UILabel-Addition.swift */; };
		8322C3901DF4165D006C7EB7 /* UIButton-Addition.swift in Sources */ = {isa = PBXBuildFile; fileRef = 8322C38F1DF4165D006C7EB7 /* UIButton-Addition.swift */; };
		8322C3921DF43D43006C7EB7 /* main.json in Resources */ = {isa = PBXBuildFile; fileRef = 8322C3911DF43D43006C7EB7 /* main.json */; };
		8322C3941DF444F7006C7EB7 /* String-Addition.swift in Sources */ = {isa = PBXBuildFile; fileRef = 8322C3931DF444F7006C7EB7 /* String-Addition.swift */; };
		8322C3AC1DF4F0C8006C7EB7 /* Array-Addition.swift in Sources */ = {isa = PBXBuildFile; fileRef = 8322C3AB1DF4F0C8006C7EB7 /* Array-Addition.swift */; };
		8353487B1E08202900E3B715 /* CFWelcomeView.swift in Sources */ = {isa = PBXBuildFile; fileRef = 8353487A1E08202900E3B715 /* CFWelcomeView.swift */; };
		8353487D1E08203B00E3B715 /* CFNewFeatureView.swift in Sources */ = {isa = PBXBuildFile; fileRef = 8353487C1E08203B00E3B715 /* CFNewFeatureView.swift */; };
		8353489F1E0930D800E3B715 /* UIView-Layer.swift in Sources */ = {isa = PBXBuildFile; fileRef = 8353489E1E0930D800E3B715 /* UIView-Layer.swift */; };
		83691E201E0EDD0400578E5E /* CFPictureView.swift in Sources */ = {isa = PBXBuildFile; fileRef = 83691E1F1E0EDD0400578E5E /* CFPictureView.swift */; };
		83691E221E0EE29400578E5E /* CFStatusPicture.swift in Sources */ = {isa = PBXBuildFile; fileRef = 83691E211E0EE29400578E5E /* CFStatusPicture.swift */; };
		838A70891E1411CD00168A05 /* CFStatusRetweetedCell.xib in Resources */ = {isa = PBXBuildFile; fileRef = 838A70881E1411CD00168A05 /* CFStatusRetweetedCell.xib */; };
		838A708B1E14121500168A05 /* CFStatusNormalCell.xib in Resources */ = {isa = PBXBuildFile; fileRef = 838A708A1E14121500168A05 /* CFStatusNormalCell.xib */; };
		83B361F61DFEC01A0094ACCF /* CFNetworker.swift in Sources */ = {isa = PBXBuildFile; fileRef = 83B361F51DFEC01A0094ACCF /* CFNetworker.swift */; };
		83B361F91DFECD850094ACCF /* CFNetworker + Extension.swift in Sources */ = {isa = PBXBuildFile; fileRef = 83B361F81DFECD850094ACCF /* CFNetworker + Extension.swift */; };
		83B361FE1DFEECF30094ACCF /* CFStatus.swift in Sources */ = {isa = PBXBuildFile; fileRef = 83B361FD1DFEECF30094ACCF /* CFStatus.swift */; };
		83B362001DFEEED40094ACCF /* CFStatusListViewModel.swift in Sources */ = {isa = PBXBuildFile; fileRef = 83B361FF1DFEEED40094ACCF /* CFStatusListViewModel.swift */; };
		83C9385F1E0D445600D05DA9 /* UIImage+Additon.swift in Sources */ = {isa = PBXBuildFile; fileRef = 83C9385E1E0D445600D05DA9 /* UIImage+Additon.swift */; };
		83C938A11E0D66B500D05DA9 /* CFStatusCell.swift in Sources */ = {isa = PBXBuildFile; fileRef = 83C938A01E0D66B500D05DA9 /* CFStatusCell.swift */; };
		83C938A51E0D752100D05DA9 /* CFUser.swift in Sources */ = {isa = PBXBuildFile; fileRef = 83C938A41E0D752100D05DA9 /* CFUser.swift */; };
		83C938A71E0D80B800D05DA9 /* CFStatusViewModel.swift in Sources */ = {isa = PBXBuildFile; fileRef = 83C938A61E0D80B800D05DA9 /* CFStatusViewModel.swift */; };
		83C938AB1E0E4E9200D05DA9 /* UIImageView+WebImage.swift in Sources */ = {isa = PBXBuildFile; fileRef = 83C938AA1E0E4E9200D05DA9 /* UIImageView+WebImage.swift */; };
		83C938AD1E0E5A2500D05DA9 /* CFStatusToolBar.swift in Sources */ = {isa = PBXBuildFile; fileRef = 83C938AC1E0E5A2500D05DA9 /* CFStatusToolBar.swift */; };
		83D71CFA1DF02DD5008A8CEA /* Foundation+Log.m in Sources */ = {isa = PBXBuildFile; fileRef = 83D71CF31DF02DD5008A8CEA /* Foundation+Log.m */; };
		83D71CFC1DF02DD5008A8CEA /* NSObject+CFExtension.m in Sources */ = {isa = PBXBuildFile; fileRef = 83D71CF71DF02DD5008A8CEA /* NSObject+CFExtension.m */; };
		83D71CFD1DF02DD5008A8CEA /* NSString+CFExtension.m in Sources */ = {isa = PBXBuildFile; fileRef = 83D71CF91DF02DD5008A8CEA /* NSString+CFExtension.m */; };
		83D71D161DF02E12008A8CEA /* UIButton+CFCountDown.m in Sources */ = {isa = PBXBuildFile; fileRef = 83D71CFF1DF02E12008A8CEA /* UIButton+CFCountDown.m */; };
		83D71D171DF02E12008A8CEA /* UIButton+CFExtension.m in Sources */ = {isa = PBXBuildFile; fileRef = 83D71D011DF02E12008A8CEA /* UIButton+CFExtension.m */; };
		83D71D191DF02E12008A8CEA /* UIImage+CFExtension.m in Sources */ = {isa = PBXBuildFile; fileRef = 83D71D051DF02E12008A8CEA /* UIImage+CFExtension.m */; };
		83D71D1A1DF02E12008A8CEA /* UIResponder+CFExtension.m in Sources */ = {isa = PBXBuildFile; fileRef = 83D71D071DF02E12008A8CEA /* UIResponder+CFExtension.m */; };
		83D71D1B1DF02E12008A8CEA /* UITextField+Placeholder.m in Sources */ = {isa = PBXBuildFile; fileRef = 83D71D091DF02E12008A8CEA /* UITextField+Placeholder.m */; };
		83D71D1C1DF02E12008A8CEA /* UIView+CFAnimation.m in Sources */ = {isa = PBXBuildFile; fileRef = 83D71D0B1DF02E12008A8CEA /* UIView+CFAnimation.m */; };
		83D71D1D1DF02E12008A8CEA /* UIView+CFExtension.m in Sources */ = {isa = PBXBuildFile; fileRef = 83D71D0D1DF02E12008A8CEA /* UIView+CFExtension.m */; };
		83D71D1E1DF02E12008A8CEA /* UIView+CFFrame.m in Sources */ = {isa = PBXBuildFile; fileRef = 83D71D0F1DF02E12008A8CEA /* UIView+CFFrame.m */; };
		83D71D1F1DF02E12008A8CEA /* UIView+CFGesture.m in Sources */ = {isa = PBXBuildFile; fileRef = 83D71D111DF02E12008A8CEA /* UIView+CFGesture.m */; };
		83D71D211DF02E12008A8CEA /* UIImageView+CFExtension.m in Sources */ = {isa = PBXBuildFile; fileRef = 83D71D151DF02E12008A8CEA /* UIImageView+CFExtension.m */; };
		83D71D251DF03993008A8CEA /* UIScreen+CFExtension.m in Sources */ = {isa = PBXBuildFile; fileRef = 83D71D241DF03992008A8CEA /* UIScreen+CFExtension.m */; };
		83D71D281DF03C2C008A8CEA /* NSObject+CFRuntime.m in Sources */ = {isa = PBXBuildFile; fileRef = 83D71D271DF03C2C008A8CEA /* NSObject+CFRuntime.m */; };
		83D71D2F1DF06072008A8CEA /* CFUntilConst.swift in Sources */ = {isa = PBXBuildFile; fileRef = 83D71D2E1DF06072008A8CEA /* CFUntilConst.swift */; };
		83D71D3D1DF1937B008A8CEA /* UIBarButtonItem-Addition.swift in Sources */ = {isa = PBXBuildFile; fileRef = 83D71D391DF1937B008A8CEA /* UIBarButtonItem-Addition.swift */; };
		83D71D3E1DF1937B008A8CEA /* UIColor-Addition.swift in Sources */ = {isa = PBXBuildFile; fileRef = 83D71D3A1DF1937B008A8CEA /* UIColor-Addition.swift */; };
		83D71D3F1DF1937B008A8CEA /* UIScreen-Addition.swift in Sources */ = {isa = PBXBuildFile; fileRef = 83D71D3B1DF1937B008A8CEA /* UIScreen-Addition.swift */; };
		83D71D401DF1937B008A8CEA /* Bundle-Addition.swift in Sources */ = {isa = PBXBuildFile; fileRef = 83D71D3C1DF1937B008A8CEA /* Bundle-Addition.swift */; };
		83E071051DF6F9AF0087BEC2 /* DispatchTime-Addition.swift in Sources */ = {isa = PBXBuildFile; fileRef = 83E071041DF6F9AF0087BEC2 /* DispatchTime-Addition.swift */; };
		83F6C6C51DEF233900ACF9E5 /* AppDelegate.swift in Sources */ = {isa = PBXBuildFile; fileRef = 83F6C6C41DEF233900ACF9E5 /* AppDelegate.swift */; };
		83F6C6CC1DEF233900ACF9E5 /* Assets.xcassets in Resources */ = {isa = PBXBuildFile; fileRef = 83F6C6CB1DEF233900ACF9E5 /* Assets.xcassets */; };
		83F6C6CF1DEF233900ACF9E5 /* LaunchScreen.storyboard in Resources */ = {isa = PBXBuildFile; fileRef = 83F6C6CD1DEF233900ACF9E5 /* LaunchScreen.storyboard */; };
		83F6C6E11DEF255600ACF9E5 /* CFMainViewController.swift in Sources */ = {isa = PBXBuildFile; fileRef = 83F6C6E01DEF255600ACF9E5 /* CFMainViewController.swift */; };
		83F6C6E31DEF256D00ACF9E5 /* CFNavigationController.swift in Sources */ = {isa = PBXBuildFile; fileRef = 83F6C6E21DEF256D00ACF9E5 /* CFNavigationController.swift */; };
		83F6C6E51DEF257900ACF9E5 /* CFBaseViewController.swift in Sources */ = {isa = PBXBuildFile; fileRef = 83F6C6E41DEF257900ACF9E5 /* CFBaseViewController.swift */; };
		83F6C6E71DEF262100ACF9E5 /* CFHomeViewController.swift in Sources */ = {isa = PBXBuildFile; fileRef = 83F6C6E61DEF262100ACF9E5 /* CFHomeViewController.swift */; };
		83F6C6E91DEF262D00ACF9E5 /* CFMessageViewController.swift in Sources */ = {isa = PBXBuildFile; fileRef = 83F6C6E81DEF262D00ACF9E5 /* CFMessageViewController.swift */; };
		83F6C6EB1DEF263B00ACF9E5 /* CFDiscoverViewController.swift in Sources */ = {isa = PBXBuildFile; fileRef = 83F6C6EA1DEF263B00ACF9E5 /* CFDiscoverViewController.swift */; };
		83F6C6ED1DEF264A00ACF9E5 /* CFPofileViewController.swift in Sources */ = {isa = PBXBuildFile; fileRef = 83F6C6EC1DEF264A00ACF9E5 /* CFPofileViewController.swift */; };
		B814A0191E20FCA900DEFDEB /* CFComposeView.swift in Sources */ = {isa = PBXBuildFile; fileRef = B814A0181E20FCA900DEFDEB /* CFComposeView.swift */; };
		B814A01B1E21054300DEFDEB /* CFComposeView.xib in Resources */ = {isa = PBXBuildFile; fileRef = B814A01A1E21054300DEFDEB /* CFComposeView.xib */; };
		B814A01D1E2117CE00DEFDEB /* CFComposeTypeButton.swift in Sources */ = {isa = PBXBuildFile; fileRef = B814A01C1E2117CE00DEFDEB /* CFComposeTypeButton.swift */; };
		B814A0221E21476400DEFDEB /* CFComposeTypeViewController.swift in Sources */ = {isa = PBXBuildFile; fileRef = B814A0211E21476400DEFDEB /* CFComposeTypeViewController.swift */; };
		B8606FF71E1A4B82000F9ED0 /* CFRefreshView.swift in Sources */ = {isa = PBXBuildFile; fileRef = B8606FF61E1A4B82000F9ED0 /* CFRefreshView.swift */; };
		B86070401E1A6991000F9ED0 /* CFRefreshControl.swift in Sources */ = {isa = PBXBuildFile; fileRef = B860703F1E1A6991000F9ED0 /* CFRefreshControl.swift */; };
/* End PBXBuildFile section */

/* Begin PBXFileReference section */
		119527516A4900777DB1D7F2 /* Pods_____.framework */ = {isa = PBXFileReference; explicitFileType = wrapper.framework; includeInIndex = 0; path = "Pods_____.framework"; sourceTree = BUILT_PRODUCTS_DIR; };
		377D626C853BF8E79468C1DD /* Pods-花菜微博.release.xcconfig */ = {isa = PBXFileReference; includeInIndex = 1; lastKnownFileType = text.xcconfig; name = "Pods-花菜微博.release.xcconfig"; path = "Pods/Target Support Files/Pods-花菜微博/Pods-花菜微博.release.xcconfig"; sourceTree = "<group>"; };
		7709EFA69B9A836654A05F7B /* Pods-花菜微博.debug.xcconfig */ = {isa = PBXFileReference; includeInIndex = 1; lastKnownFileType = text.xcconfig; name = "Pods-花菜微博.debug.xcconfig"; path = "Pods/Target Support Files/Pods-花菜微博/Pods-花菜微博.debug.xcconfig"; sourceTree = "<group>"; };
		8304BB3D1E067D8400F46D98 /* CFAccount.swift */ = {isa = PBXFileReference; fileEncoding = 4; lastKnownFileType = sourcecode.swift; path = CFAccount.swift; sourceTree = "<group>"; };
		8317B0BC1E059DF8007F0138 /* CFCommon.swift */ = {isa = PBXFileReference; fileEncoding = 4; lastKnownFileType = sourcecode.swift; path = CFCommon.swift; sourceTree = "<group>"; };
		8317B0BF1E05A003007F0138 /* CFOAuthViewController.swift */ = {isa = PBXFileReference; fileEncoding = 4; lastKnownFileType = sourcecode.swift; path = CFOAuthViewController.swift; sourceTree = "<group>"; };
		8322C38B1DF40CD4006C7EB7 /* CFVisitorView.swift */ = {isa = PBXFileReference; fileEncoding = 4; lastKnownFileType = sourcecode.swift; path = CFVisitorView.swift; sourceTree = "<group>"; };
		8322C38D1DF414D7006C7EB7 /* UILabel-Addition.swift */ = {isa = PBXFileReference; fileEncoding = 4; lastKnownFileType = sourcecode.swift; path = "UILabel-Addition.swift"; sourceTree = "<group>"; };
		8322C38F1DF4165D006C7EB7 /* UIButton-Addition.swift */ = {isa = PBXFileReference; fileEncoding = 4; lastKnownFileType = sourcecode.swift; path = "UIButton-Addition.swift"; sourceTree = "<group>"; };
		8322C3911DF43D43006C7EB7 /* main.json */ = {isa = PBXFileReference; fileEncoding = 4; lastKnownFileType = text.json; path = main.json; sourceTree = "<group>"; };
		8322C3931DF444F7006C7EB7 /* String-Addition.swift */ = {isa = PBXFileReference; fileEncoding = 4; lastKnownFileType = sourcecode.swift; path = "String-Addition.swift"; sourceTree = "<group>"; };
		8322C3AB1DF4F0C8006C7EB7 /* Array-Addition.swift */ = {isa = PBXFileReference; fileEncoding = 4; lastKnownFileType = sourcecode.swift; path = "Array-Addition.swift"; sourceTree = "<group>"; };
		8353487A1E08202900E3B715 /* CFWelcomeView.swift */ = {isa = PBXFileReference; fileEncoding = 4; lastKnownFileType = sourcecode.swift; path = CFWelcomeView.swift; sourceTree = "<group>"; };
		8353487C1E08203B00E3B715 /* CFNewFeatureView.swift */ = {isa = PBXFileReference; fileEncoding = 4; lastKnownFileType = sourcecode.swift; path = CFNewFeatureView.swift; sourceTree = "<group>"; };
		8353489E1E0930D800E3B715 /* UIView-Layer.swift */ = {isa = PBXFileReference; fileEncoding = 4; lastKnownFileType = sourcecode.swift; path = "UIView-Layer.swift"; sourceTree = "<group>"; };
		83691E1F1E0EDD0400578E5E /* CFPictureView.swift */ = {isa = PBXFileReference; fileEncoding = 4; lastKnownFileType = sourcecode.swift; path = CFPictureView.swift; sourceTree = "<group>"; };
		83691E211E0EE29400578E5E /* CFStatusPicture.swift */ = {isa = PBXFileReference; fileEncoding = 4; lastKnownFileType = sourcecode.swift; path = CFStatusPicture.swift; sourceTree = "<group>"; };
		838A70881E1411CD00168A05 /* CFStatusRetweetedCell.xib */ = {isa = PBXFileReference; fileEncoding = 4; lastKnownFileType = file.xib; path = CFStatusRetweetedCell.xib; sourceTree = "<group>"; };
		838A708A1E14121500168A05 /* CFStatusNormalCell.xib */ = {isa = PBXFileReference; fileEncoding = 4; lastKnownFileType = file.xib; path = CFStatusNormalCell.xib; sourceTree = "<group>"; };
		83B361F51DFEC01A0094ACCF /* CFNetworker.swift */ = {isa = PBXFileReference; fileEncoding = 4; lastKnownFileType = sourcecode.swift; path = CFNetworker.swift; sourceTree = "<group>"; };
		83B361F81DFECD850094ACCF /* CFNetworker + Extension.swift */ = {isa = PBXFileReference; fileEncoding = 4; lastKnownFileType = sourcecode.swift; path = "CFNetworker + Extension.swift"; sourceTree = "<group>"; };
		83B361FD1DFEECF30094ACCF /* CFStatus.swift */ = {isa = PBXFileReference; fileEncoding = 4; lastKnownFileType = sourcecode.swift; path = CFStatus.swift; sourceTree = "<group>"; };
		83B361FF1DFEEED40094ACCF /* CFStatusListViewModel.swift */ = {isa = PBXFileReference; fileEncoding = 4; lastKnownFileType = sourcecode.swift; path = CFStatusListViewModel.swift; sourceTree = "<group>"; };
		83C9385E1E0D445600D05DA9 /* UIImage+Additon.swift */ = {isa = PBXFileReference; fileEncoding = 4; lastKnownFileType = sourcecode.swift; path = "UIImage+Additon.swift"; sourceTree = "<group>"; };
		83C938A01E0D66B500D05DA9 /* CFStatusCell.swift */ = {isa = PBXFileReference; fileEncoding = 4; lastKnownFileType = sourcecode.swift; path = CFStatusCell.swift; sourceTree = "<group>"; };
		83C938A41E0D752100D05DA9 /* CFUser.swift */ = {isa = PBXFileReference; fileEncoding = 4; lastKnownFileType = sourcecode.swift; path = CFUser.swift; sourceTree = "<group>"; };
		83C938A61E0D80B800D05DA9 /* CFStatusViewModel.swift */ = {isa = PBXFileReference; fileEncoding = 4; lastKnownFileType = sourcecode.swift; path = CFStatusViewModel.swift; sourceTree = "<group>"; };
		83C938AA1E0E4E9200D05DA9 /* UIImageView+WebImage.swift */ = {isa = PBXFileReference; fileEncoding = 4; lastKnownFileType = sourcecode.swift; path = "UIImageView+WebImage.swift"; sourceTree = "<group>"; };
		83C938AC1E0E5A2500D05DA9 /* CFStatusToolBar.swift */ = {isa = PBXFileReference; fileEncoding = 4; lastKnownFileType = sourcecode.swift; path = CFStatusToolBar.swift; sourceTree = "<group>"; };
		83D71CF31DF02DD5008A8CEA /* Foundation+Log.m */ = {isa = PBXFileReference; fileEncoding = 4; lastKnownFileType = sourcecode.c.objc; path = "Foundation+Log.m"; sourceTree = "<group>"; };
		83D71CF61DF02DD5008A8CEA /* NSObject+CFExtension.h */ = {isa = PBXFileReference; fileEncoding = 4; lastKnownFileType = sourcecode.c.h; path = "NSObject+CFExtension.h"; sourceTree = "<group>"; };
		83D71CF71DF02DD5008A8CEA /* NSObject+CFExtension.m */ = {isa = PBXFileReference; fileEncoding = 4; lastKnownFileType = sourcecode.c.objc; path = "NSObject+CFExtension.m"; sourceTree = "<group>"; };
		83D71CF81DF02DD5008A8CEA /* NSString+CFExtension.h */ = {isa = PBXFileReference; fileEncoding = 4; lastKnownFileType = sourcecode.c.h; path = "NSString+CFExtension.h"; sourceTree = "<group>"; };
		83D71CF91DF02DD5008A8CEA /* NSString+CFExtension.m */ = {isa = PBXFileReference; fileEncoding = 4; lastKnownFileType = sourcecode.c.objc; path = "NSString+CFExtension.m"; sourceTree = "<group>"; };
		83D71CFE1DF02E12008A8CEA /* UIButton+CFCountDown.h */ = {isa = PBXFileReference; fileEncoding = 4; lastKnownFileType = sourcecode.c.h; path = "UIButton+CFCountDown.h"; sourceTree = "<group>"; };
		83D71CFF1DF02E12008A8CEA /* UIButton+CFCountDown.m */ = {isa = PBXFileReference; fileEncoding = 4; lastKnownFileType = sourcecode.c.objc; path = "UIButton+CFCountDown.m"; sourceTree = "<group>"; };
		83D71D001DF02E12008A8CEA /* UIButton+CFExtension.h */ = {isa = PBXFileReference; fileEncoding = 4; lastKnownFileType = sourcecode.c.h; path = "UIButton+CFExtension.h"; sourceTree = "<group>"; };
		83D71D011DF02E12008A8CEA /* UIButton+CFExtension.m */ = {isa = PBXFileReference; fileEncoding = 4; lastKnownFileType = sourcecode.c.objc; path = "UIButton+CFExtension.m"; sourceTree = "<group>"; };
		83D71D041DF02E12008A8CEA /* UIImage+CFExtension.h */ = {isa = PBXFileReference; fileEncoding = 4; lastKnownFileType = sourcecode.c.h; path = "UIImage+CFExtension.h"; sourceTree = "<group>"; };
		83D71D051DF02E12008A8CEA /* UIImage+CFExtension.m */ = {isa = PBXFileReference; fileEncoding = 4; lastKnownFileType = sourcecode.c.objc; path = "UIImage+CFExtension.m"; sourceTree = "<group>"; };
		83D71D061DF02E12008A8CEA /* UIResponder+CFExtension.h */ = {isa = PBXFileReference; fileEncoding = 4; lastKnownFileType = sourcecode.c.h; path = "UIResponder+CFExtension.h"; sourceTree = "<group>"; };
		83D71D071DF02E12008A8CEA /* UIResponder+CFExtension.m */ = {isa = PBXFileReference; fileEncoding = 4; lastKnownFileType = sourcecode.c.objc; path = "UIResponder+CFExtension.m"; sourceTree = "<group>"; };
		83D71D081DF02E12008A8CEA /* UITextField+Placeholder.h */ = {isa = PBXFileReference; fileEncoding = 4; lastKnownFileType = sourcecode.c.h; path = "UITextField+Placeholder.h"; sourceTree = "<group>"; };
		83D71D091DF02E12008A8CEA /* UITextField+Placeholder.m */ = {isa = PBXFileReference; fileEncoding = 4; lastKnownFileType = sourcecode.c.objc; path = "UITextField+Placeholder.m"; sourceTree = "<group>"; };
		83D71D0A1DF02E12008A8CEA /* UIView+CFAnimation.h */ = {isa = PBXFileReference; fileEncoding = 4; lastKnownFileType = sourcecode.c.h; path = "UIView+CFAnimation.h"; sourceTree = "<group>"; };
		83D71D0B1DF02E12008A8CEA /* UIView+CFAnimation.m */ = {isa = PBXFileReference; fileEncoding = 4; lastKnownFileType = sourcecode.c.objc; path = "UIView+CFAnimation.m"; sourceTree = "<group>"; };
		83D71D0C1DF02E12008A8CEA /* UIView+CFExtension.h */ = {isa = PBXFileReference; fileEncoding = 4; lastKnownFileType = sourcecode.c.h; path = "UIView+CFExtension.h"; sourceTree = "<group>"; };
		83D71D0D1DF02E12008A8CEA /* UIView+CFExtension.m */ = {isa = PBXFileReference; fileEncoding = 4; lastKnownFileType = sourcecode.c.objc; path = "UIView+CFExtension.m"; sourceTree = "<group>"; };
		83D71D0E1DF02E12008A8CEA /* UIView+CFFrame.h */ = {isa = PBXFileReference; fileEncoding = 4; lastKnownFileType = sourcecode.c.h; path = "UIView+CFFrame.h"; sourceTree = "<group>"; };
		83D71D0F1DF02E12008A8CEA /* UIView+CFFrame.m */ = {isa = PBXFileReference; fileEncoding = 4; lastKnownFileType = sourcecode.c.objc; path = "UIView+CFFrame.m"; sourceTree = "<group>"; };
		83D71D101DF02E12008A8CEA /* UIView+CFGesture.h */ = {isa = PBXFileReference; fileEncoding = 4; lastKnownFileType = sourcecode.c.h; path = "UIView+CFGesture.h"; sourceTree = "<group>"; };
		83D71D111DF02E12008A8CEA /* UIView+CFGesture.m */ = {isa = PBXFileReference; fileEncoding = 4; lastKnownFileType = sourcecode.c.objc; path = "UIView+CFGesture.m"; sourceTree = "<group>"; };
		83D71D141DF02E12008A8CEA /* UIImageView+CFExtension.h */ = {isa = PBXFileReference; fileEncoding = 4; lastKnownFileType = sourcecode.c.h; path = "UIImageView+CFExtension.h"; sourceTree = "<group>"; };
		83D71D151DF02E12008A8CEA /* UIImageView+CFExtension.m */ = {isa = PBXFileReference; fileEncoding = 4; lastKnownFileType = sourcecode.c.objc; path = "UIImageView+CFExtension.m"; sourceTree = "<group>"; };
		83D71D221DF02EDC008A8CEA /* Caiflower.h */ = {isa = PBXFileReference; fileEncoding = 4; lastKnownFileType = sourcecode.c.h; path = Caiflower.h; sourceTree = "<group>"; };
		83D71D231DF03992008A8CEA /* UIScreen+CFExtension.h */ = {isa = PBXFileReference; fileEncoding = 4; lastKnownFileType = sourcecode.c.h; path = "UIScreen+CFExtension.h"; sourceTree = "<group>"; };
		83D71D241DF03992008A8CEA /* UIScreen+CFExtension.m */ = {isa = PBXFileReference; fileEncoding = 4; lastKnownFileType = sourcecode.c.objc; path = "UIScreen+CFExtension.m"; sourceTree = "<group>"; };
		83D71D261DF03C2C008A8CEA /* NSObject+CFRuntime.h */ = {isa = PBXFileReference; fileEncoding = 4; lastKnownFileType = sourcecode.c.h; path = "NSObject+CFRuntime.h"; sourceTree = "<group>"; };
		83D71D271DF03C2C008A8CEA /* NSObject+CFRuntime.m */ = {isa = PBXFileReference; fileEncoding = 4; lastKnownFileType = sourcecode.c.objc; path = "NSObject+CFRuntime.m"; sourceTree = "<group>"; };
		83D71D2E1DF06072008A8CEA /* CFUntilConst.swift */ = {isa = PBXFileReference; fileEncoding = 4; lastKnownFileType = sourcecode.swift; path = CFUntilConst.swift; sourceTree = "<group>"; };
		83D71D391DF1937B008A8CEA /* UIBarButtonItem-Addition.swift */ = {isa = PBXFileReference; fileEncoding = 4; lastKnownFileType = sourcecode.swift; path = "UIBarButtonItem-Addition.swift"; sourceTree = "<group>"; };
		83D71D3A1DF1937B008A8CEA /* UIColor-Addition.swift */ = {isa = PBXFileReference; fileEncoding = 4; lastKnownFileType = sourcecode.swift; path = "UIColor-Addition.swift"; sourceTree = "<group>"; };
		83D71D3B1DF1937B008A8CEA /* UIScreen-Addition.swift */ = {isa = PBXFileReference; fileEncoding = 4; lastKnownFileType = sourcecode.swift; path = "UIScreen-Addition.swift"; sourceTree = "<group>"; };
		83D71D3C1DF1937B008A8CEA /* Bundle-Addition.swift */ = {isa = PBXFileReference; fileEncoding = 4; lastKnownFileType = sourcecode.swift; path = "Bundle-Addition.swift"; sourceTree = "<group>"; };
		83E071041DF6F9AF0087BEC2 /* DispatchTime-Addition.swift */ = {isa = PBXFileReference; fileEncoding = 4; lastKnownFileType = sourcecode.swift; path = "DispatchTime-Addition.swift"; sourceTree = "<group>"; };
		83F6C6C11DEF233900ACF9E5 /* 花菜微博.app */ = {isa = PBXFileReference; explicitFileType = wrapper.application; includeInIndex = 0; path = "花菜微博.app"; sourceTree = BUILT_PRODUCTS_DIR; };
		83F6C6C41DEF233900ACF9E5 /* AppDelegate.swift */ = {isa = PBXFileReference; lastKnownFileType = sourcecode.swift; path = AppDelegate.swift; sourceTree = "<group>"; };
		83F6C6CB1DEF233900ACF9E5 /* Assets.xcassets */ = {isa = PBXFileReference; lastKnownFileType = folder.assetcatalog; path = Assets.xcassets; sourceTree = "<group>"; };
		83F6C6CE1DEF233900ACF9E5 /* Base */ = {isa = PBXFileReference; lastKnownFileType = file.storyboard; name = Base; path = Base.lproj/LaunchScreen.storyboard; sourceTree = "<group>"; };
		83F6C6D01DEF233900ACF9E5 /* Info.plist */ = {isa = PBXFileReference; lastKnownFileType = text.plist.xml; path = Info.plist; sourceTree = "<group>"; };
		83F6C6E01DEF255600ACF9E5 /* CFMainViewController.swift */ = {isa = PBXFileReference; fileEncoding = 4; lastKnownFileType = sourcecode.swift; path = CFMainViewController.swift; sourceTree = "<group>"; };
		83F6C6E21DEF256D00ACF9E5 /* CFNavigationController.swift */ = {isa = PBXFileReference; fileEncoding = 4; lastKnownFileType = sourcecode.swift; path = CFNavigationController.swift; sourceTree = "<group>"; };
		83F6C6E41DEF257900ACF9E5 /* CFBaseViewController.swift */ = {isa = PBXFileReference; fileEncoding = 4; lastKnownFileType = sourcecode.swift; path = CFBaseViewController.swift; sourceTree = "<group>"; };
		83F6C6E61DEF262100ACF9E5 /* CFHomeViewController.swift */ = {isa = PBXFileReference; fileEncoding = 4; lastKnownFileType = sourcecode.swift; path = CFHomeViewController.swift; sourceTree = "<group>"; };
		83F6C6E81DEF262D00ACF9E5 /* CFMessageViewController.swift */ = {isa = PBXFileReference; fileEncoding = 4; lastKnownFileType = sourcecode.swift; path = CFMessageViewController.swift; sourceTree = "<group>"; };
		83F6C6EA1DEF263B00ACF9E5 /* CFDiscoverViewController.swift */ = {isa = PBXFileReference; fileEncoding = 4; lastKnownFileType = sourcecode.swift; path = CFDiscoverViewController.swift; sourceTree = "<group>"; };
		83F6C6EC1DEF264A00ACF9E5 /* CFPofileViewController.swift */ = {isa = PBXFileReference; fileEncoding = 4; lastKnownFileType = sourcecode.swift; path = CFPofileViewController.swift; sourceTree = "<group>"; };
		83F6C6EE1DEF2E1000ACF9E5 /* WeiBo-Bridge.h */ = {isa = PBXFileReference; lastKnownFileType = sourcecode.c.h; path = "WeiBo-Bridge.h"; sourceTree = "<group>"; };
		B814A0181E20FCA900DEFDEB /* CFComposeView.swift */ = {isa = PBXFileReference; fileEncoding = 4; lastKnownFileType = sourcecode.swift; path = CFComposeView.swift; sourceTree = "<group>"; };
		B814A01A1E21054300DEFDEB /* CFComposeView.xib */ = {isa = PBXFileReference; fileEncoding = 4; lastKnownFileType = file.xib; path = CFComposeView.xib; sourceTree = "<group>"; };
		B814A01C1E2117CE00DEFDEB /* CFComposeTypeButton.swift */ = {isa = PBXFileReference; fileEncoding = 4; lastKnownFileType = sourcecode.swift; path = CFComposeTypeButton.swift; sourceTree = "<group>"; };
		B814A0211E21476400DEFDEB /* CFComposeTypeViewController.swift */ = {isa = PBXFileReference; fileEncoding = 4; lastKnownFileType = sourcecode.swift; path = CFComposeTypeViewController.swift; sourceTree = "<group>"; };
		B8606FF61E1A4B82000F9ED0 /* CFRefreshView.swift */ = {isa = PBXFileReference; fileEncoding = 4; lastKnownFileType = sourcecode.swift; path = CFRefreshView.swift; sourceTree = "<group>"; };
		B860703F1E1A6991000F9ED0 /* CFRefreshControl.swift */ = {isa = PBXFileReference; fileEncoding = 4; lastKnownFileType = sourcecode.swift; path = CFRefreshControl.swift; sourceTree = "<group>"; };
/* End PBXFileReference section */

/* Begin PBXFrameworksBuildPhase section */
		83F6C6BE1DEF233900ACF9E5 /* Frameworks */ = {
			isa = PBXFrameworksBuildPhase;
			buildActionMask = 2147483647;
			files = (
				29AAD6FC3BD434403FD769A4 /* Pods_____.framework in Frameworks */,
			);
			runOnlyForDeploymentPostprocessing = 0;
		};
/* End PBXFrameworksBuildPhase section */

/* Begin PBXGroup section */
		3BBE4CBEB85D7E6C8B6005CF /* Pods */ = {
			isa = PBXGroup;
			children = (
				7709EFA69B9A836654A05F7B /* Pods-花菜微博.debug.xcconfig */,
				377D626C853BF8E79468C1DD /* Pods-花菜微博.release.xcconfig */,
			);
			name = Pods;
			sourceTree = "<group>";
		};
		8317B0BE1E059FDB007F0138 /* OAuth(授权) */ = {
			isa = PBXGroup;
			children = (
				8317B0BF1E05A003007F0138 /* CFOAuthViewController.swift */,
			);
			name = "OAuth(授权)";
			path = OAuth;
			sourceTree = "<group>";
		};
		8322C3881DF324E1006C7EB7 /* 主控制器 */ = {
			isa = PBXGroup;
			children = (
				8322C3911DF43D43006C7EB7 /* main.json */,
				83F6C6E01DEF255600ACF9E5 /* CFMainViewController.swift */,
				83F6C6E21DEF256D00ACF9E5 /* CFNavigationController.swift */,
			);
			name = "主控制器";
			sourceTree = "<group>";
		};
		8322C3891DF324F3006C7EB7 /* 基类控制器 */ = {
			isa = PBXGroup;
			children = (
				83F6C6E41DEF257900ACF9E5 /* CFBaseViewController.swift */,
			);
			name = "基类控制器";
			sourceTree = "<group>";
		};
		8322C38A1DF40C52006C7EB7 /* 访客视图 */ = {
			isa = PBXGroup;
			children = (
				8322C38B1DF40CD4006C7EB7 /* CFVisitorView.swift */,
			);
			path = "访客视图";
			sourceTree = "<group>";
		};
		835348791E08200B00E3B715 /* NewFeature(新特性) */ = {
			isa = PBXGroup;
			children = (
				8353487A1E08202900E3B715 /* CFWelcomeView.swift */,
				8353487C1E08203B00E3B715 /* CFNewFeatureView.swift */,
			);
			path = "NewFeature(新特性)";
			sourceTree = "<group>";
		};
		83B361F71DFEC4930094ACCF /* Network */ = {
			isa = PBXGroup;
			children = (
				83B361F51DFEC01A0094ACCF /* CFNetworker.swift */,
				83B361F81DFECD850094ACCF /* CFNetworker + Extension.swift */,
			);
			name = Network;
			sourceTree = "<group>";
		};
		83C938A81E0E4E3D00D05DA9 /* Vender */ = {
			isa = PBXGroup;
			children = (
				83C938A91E0E4E6F00D05DA9 /* WebImage */,
				83B361F71DFEC4930094ACCF /* Network */,
			);
			name = Vender;
			sourceTree = "<group>";
		};
		83C938A91E0E4E6F00D05DA9 /* WebImage */ = {
			isa = PBXGroup;
			children = (
				83C938AA1E0E4E9200D05DA9 /* UIImageView+WebImage.swift */,
			);
			name = WebImage;
			sourceTree = "<group>";
		};
		83D71CF11DF02D76008A8CEA /* Foundation */ = {
			isa = PBXGroup;
			children = (
				83D71CF31DF02DD5008A8CEA /* Foundation+Log.m */,
				83D71CF61DF02DD5008A8CEA /* NSObject+CFExtension.h */,
				83D71CF71DF02DD5008A8CEA /* NSObject+CFExtension.m */,
				83D71D261DF03C2C008A8CEA /* NSObject+CFRuntime.h */,
				83D71D271DF03C2C008A8CEA /* NSObject+CFRuntime.m */,
				83D71CF81DF02DD5008A8CEA /* NSString+CFExtension.h */,
				83D71CF91DF02DD5008A8CEA /* NSString+CFExtension.m */,
			);
			path = Foundation;
			sourceTree = "<group>";
		};
		83D71CF21DF02D76008A8CEA /* UIKit */ = {
			isa = PBXGroup;
			children = (
				83D71CFE1DF02E12008A8CEA /* UIButton+CFCountDown.h */,
				83D71CFF1DF02E12008A8CEA /* UIButton+CFCountDown.m */,
				83D71D001DF02E12008A8CEA /* UIButton+CFExtension.h */,
				83D71D011DF02E12008A8CEA /* UIButton+CFExtension.m */,
				83D71D041DF02E12008A8CEA /* UIImage+CFExtension.h */,
				83D71D051DF02E12008A8CEA /* UIImage+CFExtension.m */,
				83D71D061DF02E12008A8CEA /* UIResponder+CFExtension.h */,
				83D71D071DF02E12008A8CEA /* UIResponder+CFExtension.m */,
				83D71D081DF02E12008A8CEA /* UITextField+Placeholder.h */,
				83D71D091DF02E12008A8CEA /* UITextField+Placeholder.m */,
				83D71D0A1DF02E12008A8CEA /* UIView+CFAnimation.h */,
				83D71D0B1DF02E12008A8CEA /* UIView+CFAnimation.m */,
				83D71D0C1DF02E12008A8CEA /* UIView+CFExtension.h */,
				83D71D0D1DF02E12008A8CEA /* UIView+CFExtension.m */,
				83D71D0E1DF02E12008A8CEA /* UIView+CFFrame.h */,
				83D71D0F1DF02E12008A8CEA /* UIView+CFFrame.m */,
				83D71D101DF02E12008A8CEA /* UIView+CFGesture.h */,
				83D71D111DF02E12008A8CEA /* UIView+CFGesture.m */,
				83D71D141DF02E12008A8CEA /* UIImageView+CFExtension.h */,
				83D71D151DF02E12008A8CEA /* UIImageView+CFExtension.m */,
				83D71D231DF03992008A8CEA /* UIScreen+CFExtension.h */,
				83D71D241DF03992008A8CEA /* UIScreen+CFExtension.m */,
			);
			path = UIKit;
			sourceTree = "<group>";
		};
		83D71D2D1DF0604D008A8CEA /* Other */ = {
			isa = PBXGroup;
			children = (
				83C938A81E0E4E3D00D05DA9 /* Vender */,
				83D71D2E1DF06072008A8CEA /* CFUntilConst.swift */,
				8317B0BC1E059DF8007F0138 /* CFCommon.swift */,
			);
			path = Other;
			sourceTree = "<group>";
		};
		83D71D371DF1934B008A8CEA /* Foundation */ = {
			isa = PBXGroup;
			children = (
				8322C3931DF444F7006C7EB7 /* String-Addition.swift */,
				8322C3AB1DF4F0C8006C7EB7 /* Array-Addition.swift */,
				83E071041DF6F9AF0087BEC2 /* DispatchTime-Addition.swift */,
			);
			path = Foundation;
			sourceTree = "<group>";
		};
		83D71D381DF1934B008A8CEA /* UIKit */ = {
			isa = PBXGroup;
			children = (
				83D71D391DF1937B008A8CEA /* UIBarButtonItem-Addition.swift */,
				83D71D3A1DF1937B008A8CEA /* UIColor-Addition.swift */,
				83D71D3B1DF1937B008A8CEA /* UIScreen-Addition.swift */,
				83D71D3C1DF1937B008A8CEA /* Bundle-Addition.swift */,
				8322C38D1DF414D7006C7EB7 /* UILabel-Addition.swift */,
				8322C38F1DF4165D006C7EB7 /* UIButton-Addition.swift */,
				8353489E1E0930D800E3B715 /* UIView-Layer.swift */,
				83C9385E1E0D445600D05DA9 /* UIImage+Additon.swift */,
			);
			path = UIKit;
			sourceTree = "<group>";
		};
		83D71D411DF193D5008A8CEA /* CommonView */ = {
			isa = PBXGroup;
			children = (
				B860703F1E1A6991000F9ED0 /* CFRefreshControl.swift */,
				B8606FF61E1A4B82000F9ED0 /* CFRefreshView.swift */,
			);
			path = CommonView;
			sourceTree = "<group>";
		};
		83F6C6B81DEF233900ACF9E5 = {
			isa = PBXGroup;
			children = (
				83F6C6C31DEF233900ACF9E5 /* 花菜微博 */,
				83F6C6C21DEF233900ACF9E5 /* Products */,
				3BBE4CBEB85D7E6C8B6005CF /* Pods */,
				CB92F8B939F5FBDDF4011B56 /* Frameworks */,
			);
			sourceTree = "<group>";
		};
		83F6C6C21DEF233900ACF9E5 /* Products */ = {
			isa = PBXGroup;
			children = (
				83F6C6C11DEF233900ACF9E5 /* 花菜微博.app */,
			);
			name = Products;
			sourceTree = "<group>";
		};
		83F6C6C31DEF233900ACF9E5 /* 花菜微博 */ = {
			isa = PBXGroup;
			children = (
				83F6C6C41DEF233900ACF9E5 /* AppDelegate.swift */,
				83F6C6EE1DEF2E1000ACF9E5 /* WeiBo-Bridge.h */,
				83F6C6D61DEF250500ACF9E5 /* Classes */,
				83F6C6CB1DEF233900ACF9E5 /* Assets.xcassets */,
				83F6C6CD1DEF233900ACF9E5 /* LaunchScreen.storyboard */,
				83F6C6D01DEF233900ACF9E5 /* Info.plist */,
			);
			path = "花菜微博";
			sourceTree = "<group>";
		};
		83F6C6D61DEF250500ACF9E5 /* Classes */ = {
			isa = PBXGroup;
			children = (
				83F6C6D71DEF250500ACF9E5 /* Model(模型) */,
				83F6C6D91DEF250500ACF9E5 /* View(视图和控制器) */,
				83F6C6DF1DEF250500ACF9E5 /* ViewModel(视图模型) */,
				83F6C6D81DEF250500ACF9E5 /* Tools(工具) */,
			);
			path = Classes;
			sourceTree = "<group>";
		};
		83F6C6D71DEF250500ACF9E5 /* Model(模型) */ = {
			isa = PBXGroup;
			children = (
				8304BB3D1E067D8400F46D98 /* CFAccount.swift */,
				83B361FD1DFEECF30094ACCF /* CFStatus.swift */,
				83C938A41E0D752100D05DA9 /* CFUser.swift */,
				83691E211E0EE29400578E5E /* CFStatusPicture.swift */,
			);
			path = "Model(模型)";
			sourceTree = "<group>";
		};
		83F6C6D81DEF250500ACF9E5 /* Tools(工具) */ = {
			isa = PBXGroup;
			children = (
				83D71D2D1DF0604D008A8CEA /* Other */,
				83F6C6EF1DEF310800ACF9E5 /* CFAddition(Swift) */,
				83F6C6F01DEF310800ACF9E5 /* CFExtension(OC) */,
			);
			path = "Tools(工具)";
			sourceTree = "<group>";
		};
		83F6C6D91DEF250500ACF9E5 /* View(视图和控制器) */ = {
			isa = PBXGroup;
			children = (
				83F6C6DC1DEF250500ACF9E5 /* Main */,
				83F6C6DB1DEF250500ACF9E5 /* Home(首页) */,
				83F6C6DD1DEF250500ACF9E5 /* Message(消息) */,
				B814A0171E20FC6700DEFDEB /* ComposeView(发微博) */,
				83F6C6DA1DEF250500ACF9E5 /* Discover(发现) */,
				83F6C6DE1DEF250500ACF9E5 /* Pofile(我的) */,
			);
			path = "View(视图和控制器)";
			sourceTree = "<group>";
		};
		83F6C6DA1DEF250500ACF9E5 /* Discover(发现) */ = {
			isa = PBXGroup;
			children = (
				83F6C6EA1DEF263B00ACF9E5 /* CFDiscoverViewController.swift */,
			);
			name = "Discover(发现)";
			path = Discover;
			sourceTree = "<group>";
		};
		83F6C6DB1DEF250500ACF9E5 /* Home(首页) */ = {
			isa = PBXGroup;
			children = (
				83F6C6E61DEF262100ACF9E5 /* CFHomeViewController.swift */,
				83C938A01E0D66B500D05DA9 /* CFStatusCell.swift */,
				83C938AC1E0E5A2500D05DA9 /* CFStatusToolBar.swift */,
				83691E1F1E0EDD0400578E5E /* CFPictureView.swift */,
				838A708A1E14121500168A05 /* CFStatusNormalCell.xib */,
				838A70881E1411CD00168A05 /* CFStatusRetweetedCell.xib */,
			);
			name = "Home(首页)";
			path = Home;
			sourceTree = "<group>";
		};
		83F6C6DC1DEF250500ACF9E5 /* Main */ = {
			isa = PBXGroup;
			children = (
				8322C3881DF324E1006C7EB7 /* 主控制器 */,
				835348791E08200B00E3B715 /* NewFeature(新特性) */,
				8317B0BE1E059FDB007F0138 /* OAuth(授权) */,
				8322C38A1DF40C52006C7EB7 /* 访客视图 */,
				8322C3891DF324F3006C7EB7 /* 基类控制器 */,
			);
			path = Main;
			sourceTree = "<group>";
		};
		83F6C6DD1DEF250500ACF9E5 /* Message(消息) */ = {
			isa = PBXGroup;
			children = (
				83F6C6E81DEF262D00ACF9E5 /* CFMessageViewController.swift */,
			);
			name = "Message(消息)";
			path = Message;
			sourceTree = "<group>";
		};
		83F6C6DE1DEF250500ACF9E5 /* Pofile(我的) */ = {
			isa = PBXGroup;
			children = (
				83F6C6EC1DEF264A00ACF9E5 /* CFPofileViewController.swift */,
			);
			name = "Pofile(我的)";
			path = Pofile;
			sourceTree = "<group>";
		};
		83F6C6DF1DEF250500ACF9E5 /* ViewModel(视图模型) */ = {
			isa = PBXGroup;
			children = (
				83B361FF1DFEEED40094ACCF /* CFStatusListViewModel.swift */,
				83C938A61E0D80B800D05DA9 /* CFStatusViewModel.swift */,
			);
			path = "ViewModel(视图模型)";
			sourceTree = "<group>";
		};
		83F6C6EF1DEF310800ACF9E5 /* CFAddition(Swift) */ = {
			isa = PBXGroup;
			children = (
				83D71D411DF193D5008A8CEA /* CommonView */,
				83D71D371DF1934B008A8CEA /* Foundation */,
				83D71D381DF1934B008A8CEA /* UIKit */,
			);
			path = "CFAddition(Swift)";
			sourceTree = "<group>";
		};
		83F6C6F01DEF310800ACF9E5 /* CFExtension(OC) */ = {
			isa = PBXGroup;
			children = (
				83D71D221DF02EDC008A8CEA /* Caiflower.h */,
				83D71CF11DF02D76008A8CEA /* Foundation */,
				83D71CF21DF02D76008A8CEA /* UIKit */,
			);
			path = "CFExtension(OC)";
			sourceTree = "<group>";
		};
		B814A0171E20FC6700DEFDEB /* ComposeView(发微博) */ = {
			isa = PBXGroup;
			children = (
				B814A01E1E21433F00DEFDEB /* 选择发布微博视图 */,
				B814A0211E21476400DEFDEB /* CFComposeTypeViewController.swift */,
			);
			path = "ComposeView(发微博)";
			sourceTree = "<group>";
		};
		B814A01E1E21433F00DEFDEB /* 选择发布微博视图 */ = {
			isa = PBXGroup;
			children = (
				B814A0181E20FCA900DEFDEB /* CFComposeView.swift */,
				B814A01A1E21054300DEFDEB /* CFComposeView.xib */,
				B814A01C1E2117CE00DEFDEB /* CFComposeTypeButton.swift */,
			);
			name = "选择发布微博视图";
			sourceTree = "<group>";
		};
		CB92F8B939F5FBDDF4011B56 /* Frameworks */ = {
			isa = PBXGroup;
			children = (
				119527516A4900777DB1D7F2 /* Pods_____.framework */,
			);
			name = Frameworks;
			sourceTree = "<group>";
		};
/* End PBXGroup section */

/* Begin PBXNativeTarget section */
		83F6C6C01DEF233900ACF9E5 /* 花菜微博 */ = {
			isa = PBXNativeTarget;
			buildConfigurationList = 83F6C6D31DEF233900ACF9E5 /* Build configuration list for PBXNativeTarget "花菜微博" */;
			buildPhases = (
				BC914C370EF4DFE530E9D3A3 /* [CP] Check Pods Manifest.lock */,
				83F6C6BD1DEF233900ACF9E5 /* Sources */,
				83F6C6BE1DEF233900ACF9E5 /* Frameworks */,
				83F6C6BF1DEF233900ACF9E5 /* Resources */,
				B7736ECE33C0DBFDF4474143 /* [CP] Embed Pods Frameworks */,
				2482A98618AF87E476CFC2F8 /* [CP] Copy Pods Resources */,
			);
			buildRules = (
			);
			dependencies = (
			);
			name = "花菜微博";
			productName = "花菜微博";
			productReference = 83F6C6C11DEF233900ACF9E5 /* 花菜微博.app */;
			productType = "com.apple.product-type.application";
		};
/* End PBXNativeTarget section */

/* Begin PBXProject section */
		83F6C6B91DEF233900ACF9E5 /* Project object */ = {
			isa = PBXProject;
			attributes = {
				CLASSPREFIX = CF;
				LastSwiftUpdateCheck = 0810;
				LastUpgradeCheck = 0820;
				ORGANIZATIONNAME = "花菜ChrisCai";
				TargetAttributes = {
					83F6C6C01DEF233900ACF9E5 = {
						CreatedOnToolsVersion = 8.1;
						DevelopmentTeam = 5XERJB6TQW;
						ProvisioningStyle = Automatic;
					};
				};
			};
			buildConfigurationList = 83F6C6BC1DEF233900ACF9E5 /* Build configuration list for PBXProject "花菜微博" */;
			compatibilityVersion = "Xcode 3.2";
			developmentRegion = English;
			hasScannedForEncodings = 0;
			knownRegions = (
				en,
				Base,
			);
			mainGroup = 83F6C6B81DEF233900ACF9E5;
			productRefGroup = 83F6C6C21DEF233900ACF9E5 /* Products */;
			projectDirPath = "";
			projectRoot = "";
			targets = (
				83F6C6C01DEF233900ACF9E5 /* 花菜微博 */,
			);
		};
/* End PBXProject section */

/* Begin PBXResourcesBuildPhase section */
		83F6C6BF1DEF233900ACF9E5 /* Resources */ = {
			isa = PBXResourcesBuildPhase;
			buildActionMask = 2147483647;
			files = (
				8322C3921DF43D43006C7EB7 /* main.json in Resources */,
				83F6C6CF1DEF233900ACF9E5 /* LaunchScreen.storyboard in Resources */,
				B814A01B1E21054300DEFDEB /* CFComposeView.xib in Resources */,
				838A70891E1411CD00168A05 /* CFStatusRetweetedCell.xib in Resources */,
				838A708B1E14121500168A05 /* CFStatusNormalCell.xib in Resources */,
				83F6C6CC1DEF233900ACF9E5 /* Assets.xcassets in Resources */,
			);
			runOnlyForDeploymentPostprocessing = 0;
		};
/* End PBXResourcesBuildPhase section */

/* Begin PBXShellScriptBuildPhase section */
		2482A98618AF87E476CFC2F8 /* [CP] Copy Pods Resources */ = {
			isa = PBXShellScriptBuildPhase;
			buildActionMask = 2147483647;
			files = (
			);
			inputPaths = (
			);
			name = "[CP] Copy Pods Resources";
			outputPaths = (
			);
			runOnlyForDeploymentPostprocessing = 0;
			shellPath = /bin/sh;
			shellScript = "\"${SRCROOT}/Pods/Target Support Files/Pods-花菜微博/Pods-花菜微博-resources.sh\"\n";
			showEnvVarsInLog = 0;
		};
		B7736ECE33C0DBFDF4474143 /* [CP] Embed Pods Frameworks */ = {
			isa = PBXShellScriptBuildPhase;
			buildActionMask = 2147483647;
			files = (
			);
			inputPaths = (
			);
			name = "[CP] Embed Pods Frameworks";
			outputPaths = (
			);
			runOnlyForDeploymentPostprocessing = 0;
			shellPath = /bin/sh;
			shellScript = "\"${SRCROOT}/Pods/Target Support Files/Pods-花菜微博/Pods-花菜微博-frameworks.sh\"\n";
			showEnvVarsInLog = 0;
		};
		BC914C370EF4DFE530E9D3A3 /* [CP] Check Pods Manifest.lock */ = {
			isa = PBXShellScriptBuildPhase;
			buildActionMask = 2147483647;
			files = (
			);
			inputPaths = (
			);
			name = "[CP] Check Pods Manifest.lock";
			outputPaths = (
			);
			runOnlyForDeploymentPostprocessing = 0;
			shellPath = /bin/sh;
			shellScript = "diff \"${PODS_ROOT}/../Podfile.lock\" \"${PODS_ROOT}/Manifest.lock\" > /dev/null\nif [ $? != 0 ] ; then\n    # print error to STDERR\n    echo \"error: The sandbox is not in sync with the Podfile.lock. Run 'pod install' or update your CocoaPods installation.\" >&2\n    exit 1\nfi\n";
			showEnvVarsInLog = 0;
		};
/* End PBXShellScriptBuildPhase section */

/* Begin PBXSourcesBuildPhase section */
		83F6C6BD1DEF233900ACF9E5 /* Sources */ = {
			isa = PBXSourcesBuildPhase;
			buildActionMask = 2147483647;
			files = (
				83D71D1F1DF02E12008A8CEA /* UIView+CFGesture.m in Sources */,
				83D71D401DF1937B008A8CEA /* Bundle-Addition.swift in Sources */,
				83F6C6E71DEF262100ACF9E5 /* CFHomeViewController.swift in Sources */,
				83D71CFA1DF02DD5008A8CEA /* Foundation+Log.m in Sources */,
				83E071051DF6F9AF0087BEC2 /* DispatchTime-Addition.swift in Sources */,
				8317B0BD1E059DF8007F0138 /* CFCommon.swift in Sources */,
				8353487B1E08202900E3B715 /* CFWelcomeView.swift in Sources */,
				83D71D1A1DF02E12008A8CEA /* UIResponder+CFExtension.m in Sources */,
				8322C3901DF4165D006C7EB7 /* UIButton-Addition.swift in Sources */,
				83B361FE1DFEECF30094ACCF /* CFStatus.swift in Sources */,
				83D71D1D1DF02E12008A8CEA /* UIView+CFExtension.m in Sources */,
				8322C3AC1DF4F0C8006C7EB7 /* Array-Addition.swift in Sources */,
				83C938A11E0D66B500D05DA9 /* CFStatusCell.swift in Sources */,
				83D71D1E1DF02E12008A8CEA /* UIView+CFFrame.m in Sources */,
				83B361F91DFECD850094ACCF /* CFNetworker + Extension.swift in Sources */,
				83D71D1C1DF02E12008A8CEA /* UIView+CFAnimation.m in Sources */,
				8322C38E1DF414D7006C7EB7 /* UILabel-Addition.swift in Sources */,
				83691E221E0EE29400578E5E /* CFStatusPicture.swift in Sources */,
				8317B0C01E05A003007F0138 /* CFOAuthViewController.swift in Sources */,
				83D71D3E1DF1937B008A8CEA /* UIColor-Addition.swift in Sources */,
				83D71D191DF02E12008A8CEA /* UIImage+CFExtension.m in Sources */,
				83C938AD1E0E5A2500D05DA9 /* CFStatusToolBar.swift in Sources */,
				83F6C6E91DEF262D00ACF9E5 /* CFMessageViewController.swift in Sources */,
				83F6C6EB1DEF263B00ACF9E5 /* CFDiscoverViewController.swift in Sources */,
				B814A0191E20FCA900DEFDEB /* CFComposeView.swift in Sources */,
				B86070401E1A6991000F9ED0 /* CFRefreshControl.swift in Sources */,
				83F6C6E51DEF257900ACF9E5 /* CFBaseViewController.swift in Sources */,
				8322C38C1DF40CD4006C7EB7 /* CFVisitorView.swift in Sources */,
				83D71D211DF02E12008A8CEA /* UIImageView+CFExtension.m in Sources */,
				83D71CFD1DF02DD5008A8CEA /* NSString+CFExtension.m in Sources */,
				83F6C6E31DEF256D00ACF9E5 /* CFNavigationController.swift in Sources */,
				83C938A71E0D80B800D05DA9 /* CFStatusViewModel.swift in Sources */,
				83B362001DFEEED40094ACCF /* CFStatusListViewModel.swift in Sources */,
				83D71D161DF02E12008A8CEA /* UIButton+CFCountDown.m in Sources */,
				83F6C6E11DEF255600ACF9E5 /* CFMainViewController.swift in Sources */,
				83C938A51E0D752100D05DA9 /* CFUser.swift in Sources */,
				83B361F61DFEC01A0094ACCF /* CFNetworker.swift in Sources */,
				8322C3941DF444F7006C7EB7 /* String-Addition.swift in Sources */,
				8304BB3E1E067D8400F46D98 /* CFAccount.swift in Sources */,
				83D71D251DF03993008A8CEA /* UIScreen+CFExtension.m in Sources */,
				B8606FF71E1A4B82000F9ED0 /* CFRefreshView.swift in Sources */,
				83C938AB1E0E4E9200D05DA9 /* UIImageView+WebImage.swift in Sources */,
				83D71D2F1DF06072008A8CEA /* CFUntilConst.swift in Sources */,
				83D71D3F1DF1937B008A8CEA /* UIScreen-Addition.swift in Sources */,
				83D71CFC1DF02DD5008A8CEA /* NSObject+CFExtension.m in Sources */,
				B814A0221E21476400DEFDEB /* CFComposeTypeViewController.swift in Sources */,
				83C9385F1E0D445600D05DA9 /* UIImage+Additon.swift in Sources */,
				8353489F1E0930D800E3B715 /* UIView-Layer.swift in Sources */,
				83D71D1B1DF02E12008A8CEA /* UITextField+Placeholder.m in Sources */,
				8353487D1E08203B00E3B715 /* CFNewFeatureView.swift in Sources */,
				B814A01D1E2117CE00DEFDEB /* CFComposeTypeButton.swift in Sources */,
				83D71D171DF02E12008A8CEA /* UIButton+CFExtension.m in Sources */,
				83D71D3D1DF1937B008A8CEA /* UIBarButtonItem-Addition.swift in Sources */,
				83F6C6ED1DEF264A00ACF9E5 /* CFPofileViewController.swift in Sources */,
				83691E201E0EDD0400578E5E /* CFPictureView.swift in Sources */,
				83F6C6C51DEF233900ACF9E5 /* AppDelegate.swift in Sources */,
				83D71D281DF03C2C008A8CEA /* NSObject+CFRuntime.m in Sources */,
			);
			runOnlyForDeploymentPostprocessing = 0;
		};
/* End PBXSourcesBuildPhase section */

/* Begin PBXVariantGroup section */
		83F6C6CD1DEF233900ACF9E5 /* LaunchScreen.storyboard */ = {
			isa = PBXVariantGroup;
			children = (
				83F6C6CE1DEF233900ACF9E5 /* Base */,
			);
			name = LaunchScreen.storyboard;
			sourceTree = "<group>";
		};
/* End PBXVariantGroup section */

/* Begin XCBuildConfiguration section */
		83F6C6D11DEF233900ACF9E5 /* Debug */ = {
			isa = XCBuildConfiguration;
			buildSettings = {
				ALWAYS_SEARCH_USER_PATHS = NO;
				CLANG_ANALYZER_NONNULL = YES;
				CLANG_CXX_LANGUAGE_STANDARD = "gnu++0x";
				CLANG_CXX_LIBRARY = "libc++";
				CLANG_ENABLE_MODULES = YES;
				CLANG_ENABLE_OBJC_ARC = YES;
				CLANG_WARN_BOOL_CONVERSION = YES;
				CLANG_WARN_CONSTANT_CONVERSION = YES;
				CLANG_WARN_DIRECT_OBJC_ISA_USAGE = YES_ERROR;
				CLANG_WARN_DOCUMENTATION_COMMENTS = YES;
				CLANG_WARN_EMPTY_BODY = YES;
				CLANG_WARN_ENUM_CONVERSION = YES;
				CLANG_WARN_INFINITE_RECURSION = YES;
				CLANG_WARN_INT_CONVERSION = YES;
				CLANG_WARN_OBJC_ROOT_CLASS = YES_ERROR;
				CLANG_WARN_SUSPICIOUS_MOVE = YES;
				CLANG_WARN_SUSPICIOUS_MOVES = YES;
				CLANG_WARN_UNREACHABLE_CODE = YES;
				CLANG_WARN__DUPLICATE_METHOD_MATCH = YES;
				"CODE_SIGN_IDENTITY[sdk=iphoneos*]" = "iPhone Developer";
				COPY_PHASE_STRIP = NO;
				DEBUG_INFORMATION_FORMAT = dwarf;
				ENABLE_STRICT_OBJC_MSGSEND = YES;
				ENABLE_TESTABILITY = YES;
				GCC_C_LANGUAGE_STANDARD = gnu99;
				GCC_DYNAMIC_NO_PIC = NO;
				GCC_NO_COMMON_BLOCKS = YES;
				GCC_OPTIMIZATION_LEVEL = 0;
				GCC_PREPROCESSOR_DEFINITIONS = (
					"DEBUG=1",
					"$(inherited)",
				);
				GCC_WARN_64_TO_32_BIT_CONVERSION = YES;
				GCC_WARN_ABOUT_RETURN_TYPE = YES_ERROR;
				GCC_WARN_UNDECLARED_SELECTOR = YES;
				GCC_WARN_UNINITIALIZED_AUTOS = YES_AGGRESSIVE;
				GCC_WARN_UNUSED_FUNCTION = YES;
				GCC_WARN_UNUSED_VARIABLE = YES;
				IPHONEOS_DEPLOYMENT_TARGET = 10.1;
				MTL_ENABLE_DEBUG_INFO = YES;
				ONLY_ACTIVE_ARCH = YES;
				SDKROOT = iphoneos;
				SWIFT_ACTIVE_COMPILATION_CONDITIONS = DEBUG;
				SWIFT_OPTIMIZATION_LEVEL = "-Onone";
				TARGETED_DEVICE_FAMILY = "1,2";
			};
			name = Debug;
		};
		83F6C6D21DEF233900ACF9E5 /* Release */ = {
			isa = XCBuildConfiguration;
			buildSettings = {
				ALWAYS_SEARCH_USER_PATHS = NO;
				CLANG_ANALYZER_NONNULL = YES;
				CLANG_CXX_LANGUAGE_STANDARD = "gnu++0x";
				CLANG_CXX_LIBRARY = "libc++";
				CLANG_ENABLE_MODULES = YES;
				CLANG_ENABLE_OBJC_ARC = YES;
				CLANG_WARN_BOOL_CONVERSION = YES;
				CLANG_WARN_CONSTANT_CONVERSION = YES;
				CLANG_WARN_DIRECT_OBJC_ISA_USAGE = YES_ERROR;
				CLANG_WARN_DOCUMENTATION_COMMENTS = YES;
				CLANG_WARN_EMPTY_BODY = YES;
				CLANG_WARN_ENUM_CONVERSION = YES;
				CLANG_WARN_INFINITE_RECURSION = YES;
				CLANG_WARN_INT_CONVERSION = YES;
				CLANG_WARN_OBJC_ROOT_CLASS = YES_ERROR;
				CLANG_WARN_SUSPICIOUS_MOVE = YES;
				CLANG_WARN_SUSPICIOUS_MOVES = YES;
				CLANG_WARN_UNREACHABLE_CODE = YES;
				CLANG_WARN__DUPLICATE_METHOD_MATCH = YES;
				"CODE_SIGN_IDENTITY[sdk=iphoneos*]" = "iPhone Developer";
				COPY_PHASE_STRIP = NO;
				DEBUG_INFORMATION_FORMAT = "dwarf-with-dsym";
				ENABLE_NS_ASSERTIONS = NO;
				ENABLE_STRICT_OBJC_MSGSEND = YES;
				GCC_C_LANGUAGE_STANDARD = gnu99;
				GCC_NO_COMMON_BLOCKS = YES;
				GCC_WARN_64_TO_32_BIT_CONVERSION = YES;
				GCC_WARN_ABOUT_RETURN_TYPE = YES_ERROR;
				GCC_WARN_UNDECLARED_SELECTOR = YES;
				GCC_WARN_UNINITIALIZED_AUTOS = YES_AGGRESSIVE;
				GCC_WARN_UNUSED_FUNCTION = YES;
				GCC_WARN_UNUSED_VARIABLE = YES;
				IPHONEOS_DEPLOYMENT_TARGET = 10.1;
				MTL_ENABLE_DEBUG_INFO = NO;
				SDKROOT = iphoneos;
				SWIFT_OPTIMIZATION_LEVEL = "-Owholemodule";
				TARGETED_DEVICE_FAMILY = "1,2";
				VALIDATE_PRODUCT = YES;
			};
			name = Release;
		};
		83F6C6D41DEF233900ACF9E5 /* Debug */ = {
			isa = XCBuildConfiguration;
			baseConfigurationReference = 7709EFA69B9A836654A05F7B /* Pods-花菜微博.debug.xcconfig */;
			buildSettings = {
				ALWAYS_EMBED_SWIFT_STANDARD_LIBRARIES = YES;
				ASSETCATALOG_COMPILER_APPICON_NAME = AppIcon;
				ASSETCATALOG_COMPILER_LAUNCHIMAGE_NAME = LaunchImage;
				DEVELOPMENT_TEAM = 5XERJB6TQW;
				INFOPLIST_FILE = "花菜微博/Info.plist";
				IPHONEOS_DEPLOYMENT_TARGET = 8.0;
				LD_RUNPATH_SEARCH_PATHS = "$(inherited) @executable_path/Frameworks";
				PRODUCT_BUNDLE_IDENTIFIER = com.caiflower.weibo;
				PRODUCT_NAME = "$(TARGET_NAME)";
				SWIFT_OBJC_BRIDGING_HEADER = "花菜微博/WeiBo-Bridge.h";
				SWIFT_VERSION = 3.0;
				TARGETED_DEVICE_FAMILY = 1;
			};
			name = Debug;
		};
		83F6C6D51DEF233900ACF9E5 /* Release */ = {
			isa = XCBuildConfiguration;
			baseConfigurationReference = 377D626C853BF8E79468C1DD /* Pods-花菜微博.release.xcconfig */;
			buildSettings = {
				ALWAYS_EMBED_SWIFT_STANDARD_LIBRARIES = YES;
				ASSETCATALOG_COMPILER_APPICON_NAME = AppIcon;
				ASSETCATALOG_COMPILER_LAUNCHIMAGE_NAME = LaunchImage;
				DEVELOPMENT_TEAM = 5XERJB6TQW;
				INFOPLIST_FILE = "花菜微博/Info.plist";
				IPHONEOS_DEPLOYMENT_TARGET = 8.0;
				LD_RUNPATH_SEARCH_PATHS = "$(inherited) @executable_path/Frameworks";
				PRODUCT_BUNDLE_IDENTIFIER = com.caiflower.weibo;
				PRODUCT_NAME = "$(TARGET_NAME)";
				SWIFT_OBJC_BRIDGING_HEADER = "花菜微博/WeiBo-Bridge.h";
				SWIFT_VERSION = 3.0;
				TARGETED_DEVICE_FAMILY = 1;
			};
			name = Release;
		};
/* End XCBuildConfiguration section */

/* Begin XCConfigurationList section */
		83F6C6BC1DEF233900ACF9E5 /* Build configuration list for PBXProject "花菜微博" */ = {
			isa = XCConfigurationList;
			buildConfigurations = (
				83F6C6D11DEF233900ACF9E5 /* Debug */,
				83F6C6D21DEF233900ACF9E5 /* Release */,
			);
			defaultConfigurationIsVisible = 0;
			defaultConfigurationName = Release;
		};
		83F6C6D31DEF233900ACF9E5 /* Build configuration list for PBXNativeTarget "花菜微博" */ = {
			isa = XCConfigurationList;
			buildConfigurations = (
				83F6C6D41DEF233900ACF9E5 /* Debug */,
				83F6C6D51DEF233900ACF9E5 /* Release */,
			);
			defaultConfigurationIsVisible = 0;
			defaultConfigurationName = Release;
		};
/* End XCConfigurationList section */
	};
	rootObject = 83F6C6B91DEF233900ACF9E5 /* Project object */;
}
